// !$*UTF8*$!
{
	archiveVersion = 1;
	classes = {
	};
	objectVersion = 55;
	objects = {

/* Begin PBXBuildFile section */
		530B32B7287D6E3F00B78309 /* CharacterCountdownView.swift in Sources */ = {isa = PBXBuildFile; fileRef = 530B32B6287D6E3F00B78309 /* CharacterCountdownView.swift */; };
		530B32B9287DA14700B78309 /* NotificationView.swift in Sources */ = {isa = PBXBuildFile; fileRef = 530B32B8287DA14700B78309 /* NotificationView.swift */; };
		530B32BC287DA23700B78309 /* NotificationDataModel.swift in Sources */ = {isa = PBXBuildFile; fileRef = 530B32BB287DA23700B78309 /* NotificationDataModel.swift */; };
		530B32BE287DA2DC00B78309 /* Alertable.swift in Sources */ = {isa = PBXBuildFile; fileRef = 530B32BD287DA2DC00B78309 /* Alertable.swift */; };
		530B32C0287DA8D100B78309 /* ActionIconModifier.swift in Sources */ = {isa = PBXBuildFile; fileRef = 530B32BF287DA8D100B78309 /* ActionIconModifier.swift */; };
		530B32CB287DD51F00B78309 /* PostUpdatableTests.swift in Sources */ = {isa = PBXBuildFile; fileRef = 530B32CA287DD51F00B78309 /* PostUpdatableTests.swift */; };
		530B32CE287DD58A00B78309 /* UserRepositoryMock.swift in Sources */ = {isa = PBXBuildFile; fileRef = 530B32CD287DD58A00B78309 /* UserRepositoryMock.swift */; };
		530B32D0287DD59B00B78309 /* PostRepositoryMock.swift in Sources */ = {isa = PBXBuildFile; fileRef = 530B32CF287DD59B00B78309 /* PostRepositoryMock.swift */; };
		530B32D5287DDCBC00B78309 /* Nimble in Frameworks */ = {isa = PBXBuildFile; productRef = 530B32D4287DDCBC00B78309 /* Nimble */; };
		530B32D7287E12AF00B78309 /* PostRowViewModel.swift in Sources */ = {isa = PBXBuildFile; fileRef = 530B32D6287E12AF00B78309 /* PostRowViewModel.swift */; };
		530B32D9287EDC6200B78309 /* FeedFetchable.swift in Sources */ = {isa = PBXBuildFile; fileRef = 530B32D8287EDC6200B78309 /* FeedFetchable.swift */; };
		530B32DB287EDC7500B78309 /* FeedModel.swift in Sources */ = {isa = PBXBuildFile; fileRef = 530B32DA287EDC7500B78309 /* FeedModel.swift */; };
		530B32DD287EE9CB00B78309 /* RepostIdentificationView.swift in Sources */ = {isa = PBXBuildFile; fileRef = 530B32DC287EE9CB00B78309 /* RepostIdentificationView.swift */; };
		530B32DF287F0C4500B78309 /* QuoteContentView.swift in Sources */ = {isa = PBXBuildFile; fileRef = 530B32DE287F0C4500B78309 /* QuoteContentView.swift */; };
		530B32E2287F0F0A00B78309 /* PostContentView.swift in Sources */ = {isa = PBXBuildFile; fileRef = 530B32E1287F0F0A00B78309 /* PostContentView.swift */; };
		53FEFE932879AFCF0016B21C /* PosterrApp.swift in Sources */ = {isa = PBXBuildFile; fileRef = 53FEFE922879AFCF0016B21C /* PosterrApp.swift */; };
		53FEFE952879AFCF0016B21C /* HomeView.swift in Sources */ = {isa = PBXBuildFile; fileRef = 53FEFE942879AFCF0016B21C /* HomeView.swift */; };
		53FEFE972879AFD10016B21C /* Assets.xcassets in Resources */ = {isa = PBXBuildFile; fileRef = 53FEFE962879AFD10016B21C /* Assets.xcassets */; };
		53FEFEBD2879B6530016B21C /* UserModel.swift in Sources */ = {isa = PBXBuildFile; fileRef = 53FEFEBC2879B6530016B21C /* UserModel.swift */; };
		53FEFEBF2879B67B0016B21C /* PostModel.swift in Sources */ = {isa = PBXBuildFile; fileRef = 53FEFEBE2879B67B0016B21C /* PostModel.swift */; };
		53FEFEC22879C30C0016B21C /* PostRowView.swift in Sources */ = {isa = PBXBuildFile; fileRef = 53FEFEC12879C30C0016B21C /* PostRowView.swift */; };
		53FEFEC72879C8D70016B21C /* ProfilePicture.swift in Sources */ = {isa = PBXBuildFile; fileRef = 53FEFEC62879C8D70016B21C /* ProfilePicture.swift */; };
		53FEFEC92879C94A0016B21C /* ProfileIdentification.swift in Sources */ = {isa = PBXBuildFile; fileRef = 53FEFEC82879C94A0016B21C /* ProfileIdentification.swift */; };
		53FEFECC2879D1150016B21C /* TabBarView.swift in Sources */ = {isa = PBXBuildFile; fileRef = 53FEFECB2879D1150016B21C /* TabBarView.swift */; };
		53FEFECE2879D1200016B21C /* TabBarItems.swift in Sources */ = {isa = PBXBuildFile; fileRef = 53FEFECD2879D1200016B21C /* TabBarItems.swift */; };
		53FEFED02879D16D0016B21C /* BottomNavigationView.swift in Sources */ = {isa = PBXBuildFile; fileRef = 53FEFECF2879D16D0016B21C /* BottomNavigationView.swift */; };
		53FEFED32879D24D0016B21C /* RoundedCorner.swift in Sources */ = {isa = PBXBuildFile; fileRef = 53FEFED22879D24D0016B21C /* RoundedCorner.swift */; };
		53FEFED52879D3040016B21C /* TabBarViewModel.swift in Sources */ = {isa = PBXBuildFile; fileRef = 53FEFED42879D3040016B21C /* TabBarViewModel.swift */; };
		53FEFEDA2879D4250016B21C /* ProfileView.swift in Sources */ = {isa = PBXBuildFile; fileRef = 53FEFED92879D4250016B21C /* ProfileView.swift */; };
		53FEFEDD2879D7660016B21C /* NavBarModifier.swift in Sources */ = {isa = PBXBuildFile; fileRef = 53FEFEDC2879D7660016B21C /* NavBarModifier.swift */; };
		53FEFEDF2879D82F0016B21C /* ViewModifier.swift in Sources */ = {isa = PBXBuildFile; fileRef = 53FEFEDE2879D82F0016B21C /* ViewModifier.swift */; };
		53FEFEE12879D86D0016B21C /* ViewModfier+Factory.swift in Sources */ = {isa = PBXBuildFile; fileRef = 53FEFEE02879D86D0016B21C /* ViewModfier+Factory.swift */; };
		53FEFEE42879DA430016B21C /* AddPostView.swift in Sources */ = {isa = PBXBuildFile; fileRef = 53FEFEE32879DA430016B21C /* AddPostView.swift */; };
		53FEFEE62879DAF90016B21C /* AddPostViewModel.swift in Sources */ = {isa = PBXBuildFile; fileRef = 53FEFEE52879DAF90016B21C /* AddPostViewModel.swift */; };
		53FEFEEB2879DD300016B21C /* TextArea.swift in Sources */ = {isa = PBXBuildFile; fileRef = 53FEFEEA2879DD300016B21C /* TextArea.swift */; };
		53FEFEF12879E6C60016B21C /* Swinject in Frameworks */ = {isa = PBXBuildFile; productRef = 53FEFEF02879E6C60016B21C /* Swinject */; };
		53FEFEF32879E6E50016B21C /* PosterrAssembler.swift in Sources */ = {isa = PBXBuildFile; fileRef = 53FEFEF22879E6E50016B21C /* PosterrAssembler.swift */; };
		53FEFEF62879E7250016B21C /* SwinjectAutoregistration in Frameworks */ = {isa = PBXBuildFile; productRef = 53FEFEF52879E7250016B21C /* SwinjectAutoregistration */; };
		53FEFEF82879E75F0016B21C /* PosterrAssembly.swift in Sources */ = {isa = PBXBuildFile; fileRef = 53FEFEF72879E75F0016B21C /* PosterrAssembly.swift */; };
		53FEFEFB2879E7840016B21C /* Container+Extension.swift in Sources */ = {isa = PBXBuildFile; fileRef = 53FEFEFA2879E7840016B21C /* Container+Extension.swift */; };
		53FEFEFE2879E7C20016B21C /* Resolver+Extension.swift in Sources */ = {isa = PBXBuildFile; fileRef = 53FEFEFD2879E7C20016B21C /* Resolver+Extension.swift */; };
		53FEFF032879E8D20016B21C /* ViewModelRegistration.swift in Sources */ = {isa = PBXBuildFile; fileRef = 53FEFF022879E8D20016B21C /* ViewModelRegistration.swift */; };
		53FEFF052879E9170016B21C /* HomeViewModel.swift in Sources */ = {isa = PBXBuildFile; fileRef = 53FEFF042879E9170016B21C /* HomeViewModel.swift */; };
		53FEFF072879E9390016B21C /* ProfileViewModel.swift in Sources */ = {isa = PBXBuildFile; fileRef = 53FEFF062879E9390016B21C /* ProfileViewModel.swift */; };
		53FEFF092879E99E0016B21C /* ViewRegistration.swift in Sources */ = {isa = PBXBuildFile; fileRef = 53FEFF082879E99E0016B21C /* ViewRegistration.swift */; };
		53FEFF0C2879FC470016B21C /* Realm in Frameworks */ = {isa = PBXBuildFile; productRef = 53FEFF0B2879FC470016B21C /* Realm */; };
		53FEFF0E2879FC470016B21C /* RealmSwift in Frameworks */ = {isa = PBXBuildFile; productRef = 53FEFF0D2879FC470016B21C /* RealmSwift */; };
		53FEFF112879FC7F0016B21C /* MappableProtocol.swift in Sources */ = {isa = PBXBuildFile; fileRef = 53FEFF102879FC7F0016B21C /* MappableProtocol.swift */; };
		53FEFF132879FC960016B21C /* RealmProvider.swift in Sources */ = {isa = PBXBuildFile; fileRef = 53FEFF122879FC960016B21C /* RealmProvider.swift */; };
		53FEFF152879FCB70016B21C /* Storable.swift in Sources */ = {isa = PBXBuildFile; fileRef = 53FEFF142879FCB70016B21C /* Storable.swift */; };
		53FEFF172879FD0F0016B21C /* DBManager.swift in Sources */ = {isa = PBXBuildFile; fileRef = 53FEFF162879FD0F0016B21C /* DBManager.swift */; };
		53FEFF192879FD280016B21C /* RealmDBManager.swift in Sources */ = {isa = PBXBuildFile; fileRef = 53FEFF182879FD280016B21C /* RealmDBManager.swift */; };
		53FEFF1B287A00D40016B21C /* Touchable.swift in Sources */ = {isa = PBXBuildFile; fileRef = 53FEFF1A287A00D40016B21C /* Touchable.swift */; };
		53FEFF21287A04B10016B21C /* ModelProtocol.swift in Sources */ = {isa = PBXBuildFile; fileRef = 53FEFF20287A04B10016B21C /* ModelProtocol.swift */; };
		53FEFF24287A05680016B21C /* UserEntity.swift in Sources */ = {isa = PBXBuildFile; fileRef = 53FEFF23287A05680016B21C /* UserEntity.swift */; };
		53FEFF28287A05CF0016B21C /* UserProvider.swift in Sources */ = {isa = PBXBuildFile; fileRef = 53FEFF27287A05CF0016B21C /* UserProvider.swift */; };
		53FEFF2A287A065E0016B21C /* UserRealmProvider.swift in Sources */ = {isa = PBXBuildFile; fileRef = 53FEFF29287A065E0016B21C /* UserRealmProvider.swift */; };
		53FEFF2D287A06A80016B21C /* Loggable.swift in Sources */ = {isa = PBXBuildFile; fileRef = 53FEFF2C287A06A80016B21C /* Loggable.swift */; };
		53FEFF2F287A06BB0016B21C /* CustomLogger.swift in Sources */ = {isa = PBXBuildFile; fileRef = 53FEFF2E287A06BB0016B21C /* CustomLogger.swift */; };
		53FEFF33287A06F80016B21C /* Date.swift in Sources */ = {isa = PBXBuildFile; fileRef = 53FEFF32287A06F80016B21C /* Date.swift */; };
		53FEFF39287A0E410016B21C /* UserRepository.swift in Sources */ = {isa = PBXBuildFile; fileRef = 53FEFF38287A0E410016B21C /* UserRepository.swift */; };
		53FEFF3B287A0F5B0016B21C /* DefaultUserRepository.swift in Sources */ = {isa = PBXBuildFile; fileRef = 53FEFF3A287A0F5B0016B21C /* DefaultUserRepository.swift */; };
		53FEFF3F287A101B0016B21C /* UserRegistrable.swift in Sources */ = {isa = PBXBuildFile; fileRef = 53FEFF3E287A101B0016B21C /* UserRegistrable.swift */; };
		53FEFF41287A13970016B21C /* DomainRegistration.swift in Sources */ = {isa = PBXBuildFile; fileRef = 53FEFF40287A13970016B21C /* DomainRegistration.swift */; };
		53FEFF43287A13C70016B21C /* DatasourceRegistration.swift in Sources */ = {isa = PBXBuildFile; fileRef = 53FEFF42287A13C70016B21C /* DatasourceRegistration.swift */; };
		53FEFF45287A14770016B21C /* CoreRegistration.swift in Sources */ = {isa = PBXBuildFile; fileRef = 53FEFF44287A14770016B21C /* CoreRegistration.swift */; };
		53FEFF47287A17C90016B21C /* PostUpdatable.swift in Sources */ = {isa = PBXBuildFile; fileRef = 53FEFF46287A17C90016B21C /* PostUpdatable.swift */; };
		53FEFF4A287A19C30016B21C /* PostRepository.swift in Sources */ = {isa = PBXBuildFile; fileRef = 53FEFF49287A19C30016B21C /* PostRepository.swift */; };
		53FEFF4C287A1CAA0016B21C /* PostProvider.swift in Sources */ = {isa = PBXBuildFile; fileRef = 53FEFF4B287A1CAA0016B21C /* PostProvider.swift */; };
		53FEFF4E287A1CC40016B21C /* PostRealmProvider.swift in Sources */ = {isa = PBXBuildFile; fileRef = 53FEFF4D287A1CC40016B21C /* PostRealmProvider.swift */; };
		53FEFF50287A1D1F0016B21C /* PostEntity.swift in Sources */ = {isa = PBXBuildFile; fileRef = 53FEFF4F287A1D1F0016B21C /* PostEntity.swift */; };
		53FEFF52287A1FF50016B21C /* DefaultPostRepository.swift in Sources */ = {isa = PBXBuildFile; fileRef = 53FEFF51287A1FF50016B21C /* DefaultPostRepository.swift */; };
		53FEFF63287B5D0C0016B21C /* ProfileInfoFetchable.swift in Sources */ = {isa = PBXBuildFile; fileRef = 53FEFF62287B5D0C0016B21C /* ProfileInfoFetchable.swift */; };
		53FEFF66287B662F0016B21C /* ProfileInfoModel.swift in Sources */ = {isa = PBXBuildFile; fileRef = 53FEFF65287B662F0016B21C /* ProfileInfoModel.swift */; };
		53FEFF69287C3A930016B21C /* DebugView.swift in Sources */ = {isa = PBXBuildFile; fileRef = 53FEFF68287C3A930016B21C /* DebugView.swift */; };
		53FEFF6B287C3C270016B21C /* DebugViewModel.swift in Sources */ = {isa = PBXBuildFile; fileRef = 53FEFF6A287C3C260016B21C /* DebugViewModel.swift */; };
		53FEFF72287C533E0016B21C /* String.swift in Sources */ = {isa = PBXBuildFile; fileRef = 53FEFF71287C533E0016B21C /* String.swift */; };
		53FEFF74287C67EF0016B21C /* Color.swift in Sources */ = {isa = PBXBuildFile; fileRef = 53FEFF73287C67EF0016B21C /* Color.swift */; };
		53FEFF76287D4FB20016B21C /* EmptyStateView.swift in Sources */ = {isa = PBXBuildFile; fileRef = 53FEFF75287D4FB20016B21C /* EmptyStateView.swift */; };
		53FEFF78287D51F30016B21C /* FeedView.swift in Sources */ = {isa = PBXBuildFile; fileRef = 53FEFF77287D51F30016B21C /* FeedView.swift */; };
/* End PBXBuildFile section */

/* Begin PBXContainerItemProxy section */
		53FEFEA02879AFD10016B21C /* PBXContainerItemProxy */ = {
			isa = PBXContainerItemProxy;
			containerPortal = 53FEFE872879AFCF0016B21C /* Project object */;
			proxyType = 1;
			remoteGlobalIDString = 53FEFE8E2879AFCF0016B21C;
			remoteInfo = Posterr;
		};
/* End PBXContainerItemProxy section */

/* Begin PBXFileReference section */
		530B32B6287D6E3F00B78309 /* CharacterCountdownView.swift */ = {isa = PBXFileReference; lastKnownFileType = sourcecode.swift; path = CharacterCountdownView.swift; sourceTree = "<group>"; };
		530B32B8287DA14700B78309 /* NotificationView.swift */ = {isa = PBXFileReference; lastKnownFileType = sourcecode.swift; path = NotificationView.swift; sourceTree = "<group>"; };
		530B32BB287DA23700B78309 /* NotificationDataModel.swift */ = {isa = PBXFileReference; lastKnownFileType = sourcecode.swift; path = NotificationDataModel.swift; sourceTree = "<group>"; };
		530B32BD287DA2DC00B78309 /* Alertable.swift */ = {isa = PBXFileReference; lastKnownFileType = sourcecode.swift; path = Alertable.swift; sourceTree = "<group>"; };
		530B32BF287DA8D100B78309 /* ActionIconModifier.swift */ = {isa = PBXFileReference; lastKnownFileType = sourcecode.swift; path = ActionIconModifier.swift; sourceTree = "<group>"; };
		530B32CA287DD51F00B78309 /* PostUpdatableTests.swift */ = {isa = PBXFileReference; lastKnownFileType = sourcecode.swift; path = PostUpdatableTests.swift; sourceTree = "<group>"; };
		530B32CD287DD58A00B78309 /* UserRepositoryMock.swift */ = {isa = PBXFileReference; lastKnownFileType = sourcecode.swift; path = UserRepositoryMock.swift; sourceTree = "<group>"; };
		530B32CF287DD59B00B78309 /* PostRepositoryMock.swift */ = {isa = PBXFileReference; lastKnownFileType = sourcecode.swift; path = PostRepositoryMock.swift; sourceTree = "<group>"; };
		530B32D6287E12AF00B78309 /* PostRowViewModel.swift */ = {isa = PBXFileReference; lastKnownFileType = sourcecode.swift; path = PostRowViewModel.swift; sourceTree = "<group>"; };
		530B32D8287EDC6200B78309 /* FeedFetchable.swift */ = {isa = PBXFileReference; lastKnownFileType = sourcecode.swift; path = FeedFetchable.swift; sourceTree = "<group>"; };
		530B32DA287EDC7500B78309 /* FeedModel.swift */ = {isa = PBXFileReference; lastKnownFileType = sourcecode.swift; path = FeedModel.swift; sourceTree = "<group>"; };
		530B32DC287EE9CB00B78309 /* RepostIdentificationView.swift */ = {isa = PBXFileReference; lastKnownFileType = sourcecode.swift; path = RepostIdentificationView.swift; sourceTree = "<group>"; };
		530B32DE287F0C4500B78309 /* QuoteContentView.swift */ = {isa = PBXFileReference; lastKnownFileType = sourcecode.swift; path = QuoteContentView.swift; sourceTree = "<group>"; };
		530B32E1287F0F0A00B78309 /* PostContentView.swift */ = {isa = PBXFileReference; lastKnownFileType = sourcecode.swift; path = PostContentView.swift; sourceTree = "<group>"; };
		53FEFE8F2879AFCF0016B21C /* Posterr.app */ = {isa = PBXFileReference; explicitFileType = wrapper.application; includeInIndex = 0; path = Posterr.app; sourceTree = BUILT_PRODUCTS_DIR; };
		53FEFE922879AFCF0016B21C /* PosterrApp.swift */ = {isa = PBXFileReference; lastKnownFileType = sourcecode.swift; path = PosterrApp.swift; sourceTree = "<group>"; };
		53FEFE942879AFCF0016B21C /* HomeView.swift */ = {isa = PBXFileReference; lastKnownFileType = sourcecode.swift; path = HomeView.swift; sourceTree = "<group>"; };
		53FEFE962879AFD10016B21C /* Assets.xcassets */ = {isa = PBXFileReference; lastKnownFileType = folder.assetcatalog; path = Assets.xcassets; sourceTree = "<group>"; };
		53FEFE9F2879AFD10016B21C /* PosterrTests.xctest */ = {isa = PBXFileReference; explicitFileType = wrapper.cfbundle; includeInIndex = 0; path = PosterrTests.xctest; sourceTree = BUILT_PRODUCTS_DIR; };
		53FEFEBC2879B6530016B21C /* UserModel.swift */ = {isa = PBXFileReference; lastKnownFileType = sourcecode.swift; path = UserModel.swift; sourceTree = "<group>"; };
		53FEFEBE2879B67B0016B21C /* PostModel.swift */ = {isa = PBXFileReference; lastKnownFileType = sourcecode.swift; path = PostModel.swift; sourceTree = "<group>"; };
		53FEFEC12879C30C0016B21C /* PostRowView.swift */ = {isa = PBXFileReference; lastKnownFileType = sourcecode.swift; path = PostRowView.swift; sourceTree = "<group>"; };
		53FEFEC62879C8D70016B21C /* ProfilePicture.swift */ = {isa = PBXFileReference; lastKnownFileType = sourcecode.swift; path = ProfilePicture.swift; sourceTree = "<group>"; };
		53FEFEC82879C94A0016B21C /* ProfileIdentification.swift */ = {isa = PBXFileReference; lastKnownFileType = sourcecode.swift; path = ProfileIdentification.swift; sourceTree = "<group>"; };
		53FEFECB2879D1150016B21C /* TabBarView.swift */ = {isa = PBXFileReference; lastKnownFileType = sourcecode.swift; path = TabBarView.swift; sourceTree = "<group>"; };
		53FEFECD2879D1200016B21C /* TabBarItems.swift */ = {isa = PBXFileReference; lastKnownFileType = sourcecode.swift; path = TabBarItems.swift; sourceTree = "<group>"; };
		53FEFECF2879D16D0016B21C /* BottomNavigationView.swift */ = {isa = PBXFileReference; lastKnownFileType = sourcecode.swift; path = BottomNavigationView.swift; sourceTree = "<group>"; };
		53FEFED22879D24D0016B21C /* RoundedCorner.swift */ = {isa = PBXFileReference; lastKnownFileType = sourcecode.swift; path = RoundedCorner.swift; sourceTree = "<group>"; };
		53FEFED42879D3040016B21C /* TabBarViewModel.swift */ = {isa = PBXFileReference; lastKnownFileType = sourcecode.swift; path = TabBarViewModel.swift; sourceTree = "<group>"; };
		53FEFED92879D4250016B21C /* ProfileView.swift */ = {isa = PBXFileReference; lastKnownFileType = sourcecode.swift; path = ProfileView.swift; sourceTree = "<group>"; };
		53FEFEDC2879D7660016B21C /* NavBarModifier.swift */ = {isa = PBXFileReference; lastKnownFileType = sourcecode.swift; path = NavBarModifier.swift; sourceTree = "<group>"; };
		53FEFEDE2879D82F0016B21C /* ViewModifier.swift */ = {isa = PBXFileReference; lastKnownFileType = sourcecode.swift; path = ViewModifier.swift; sourceTree = "<group>"; };
		53FEFEE02879D86D0016B21C /* ViewModfier+Factory.swift */ = {isa = PBXFileReference; lastKnownFileType = sourcecode.swift; path = "ViewModfier+Factory.swift"; sourceTree = "<group>"; };
		53FEFEE32879DA430016B21C /* AddPostView.swift */ = {isa = PBXFileReference; lastKnownFileType = sourcecode.swift; path = AddPostView.swift; sourceTree = "<group>"; };
		53FEFEE52879DAF90016B21C /* AddPostViewModel.swift */ = {isa = PBXFileReference; lastKnownFileType = sourcecode.swift; path = AddPostViewModel.swift; sourceTree = "<group>"; };
		53FEFEEA2879DD300016B21C /* TextArea.swift */ = {isa = PBXFileReference; lastKnownFileType = sourcecode.swift; path = TextArea.swift; sourceTree = "<group>"; };
		53FEFEF22879E6E50016B21C /* PosterrAssembler.swift */ = {isa = PBXFileReference; lastKnownFileType = sourcecode.swift; path = PosterrAssembler.swift; sourceTree = "<group>"; };
		53FEFEF72879E75F0016B21C /* PosterrAssembly.swift */ = {isa = PBXFileReference; lastKnownFileType = sourcecode.swift; path = PosterrAssembly.swift; sourceTree = "<group>"; };
		53FEFEFA2879E7840016B21C /* Container+Extension.swift */ = {isa = PBXFileReference; lastKnownFileType = sourcecode.swift; path = "Container+Extension.swift"; sourceTree = "<group>"; };
		53FEFEFD2879E7C20016B21C /* Resolver+Extension.swift */ = {isa = PBXFileReference; lastKnownFileType = sourcecode.swift; path = "Resolver+Extension.swift"; sourceTree = "<group>"; };
		53FEFF022879E8D20016B21C /* ViewModelRegistration.swift */ = {isa = PBXFileReference; lastKnownFileType = sourcecode.swift; path = ViewModelRegistration.swift; sourceTree = "<group>"; };
		53FEFF042879E9170016B21C /* HomeViewModel.swift */ = {isa = PBXFileReference; lastKnownFileType = sourcecode.swift; path = HomeViewModel.swift; sourceTree = "<group>"; };
		53FEFF062879E9390016B21C /* ProfileViewModel.swift */ = {isa = PBXFileReference; lastKnownFileType = sourcecode.swift; path = ProfileViewModel.swift; sourceTree = "<group>"; };
		53FEFF082879E99E0016B21C /* ViewRegistration.swift */ = {isa = PBXFileReference; lastKnownFileType = sourcecode.swift; path = ViewRegistration.swift; sourceTree = "<group>"; };
		53FEFF102879FC7F0016B21C /* MappableProtocol.swift */ = {isa = PBXFileReference; lastKnownFileType = sourcecode.swift; path = MappableProtocol.swift; sourceTree = "<group>"; };
		53FEFF122879FC960016B21C /* RealmProvider.swift */ = {isa = PBXFileReference; lastKnownFileType = sourcecode.swift; path = RealmProvider.swift; sourceTree = "<group>"; };
		53FEFF142879FCB70016B21C /* Storable.swift */ = {isa = PBXFileReference; lastKnownFileType = sourcecode.swift; path = Storable.swift; sourceTree = "<group>"; };
		53FEFF162879FD0F0016B21C /* DBManager.swift */ = {isa = PBXFileReference; lastKnownFileType = sourcecode.swift; path = DBManager.swift; sourceTree = "<group>"; };
		53FEFF182879FD280016B21C /* RealmDBManager.swift */ = {isa = PBXFileReference; lastKnownFileType = sourcecode.swift; path = RealmDBManager.swift; sourceTree = "<group>"; };
		53FEFF1A287A00D40016B21C /* Touchable.swift */ = {isa = PBXFileReference; lastKnownFileType = sourcecode.swift; path = Touchable.swift; sourceTree = "<group>"; };
		53FEFF20287A04B10016B21C /* ModelProtocol.swift */ = {isa = PBXFileReference; lastKnownFileType = sourcecode.swift; path = ModelProtocol.swift; sourceTree = "<group>"; };
		53FEFF23287A05680016B21C /* UserEntity.swift */ = {isa = PBXFileReference; lastKnownFileType = sourcecode.swift; path = UserEntity.swift; sourceTree = "<group>"; };
		53FEFF27287A05CF0016B21C /* UserProvider.swift */ = {isa = PBXFileReference; lastKnownFileType = sourcecode.swift; path = UserProvider.swift; sourceTree = "<group>"; };
		53FEFF29287A065E0016B21C /* UserRealmProvider.swift */ = {isa = PBXFileReference; lastKnownFileType = sourcecode.swift; path = UserRealmProvider.swift; sourceTree = "<group>"; };
		53FEFF2C287A06A80016B21C /* Loggable.swift */ = {isa = PBXFileReference; lastKnownFileType = sourcecode.swift; path = Loggable.swift; sourceTree = "<group>"; };
		53FEFF2E287A06BB0016B21C /* CustomLogger.swift */ = {isa = PBXFileReference; lastKnownFileType = sourcecode.swift; path = CustomLogger.swift; sourceTree = "<group>"; };
		53FEFF32287A06F80016B21C /* Date.swift */ = {isa = PBXFileReference; lastKnownFileType = sourcecode.swift; path = Date.swift; sourceTree = "<group>"; };
		53FEFF38287A0E410016B21C /* UserRepository.swift */ = {isa = PBXFileReference; lastKnownFileType = sourcecode.swift; path = UserRepository.swift; sourceTree = "<group>"; };
		53FEFF3A287A0F5B0016B21C /* DefaultUserRepository.swift */ = {isa = PBXFileReference; lastKnownFileType = sourcecode.swift; path = DefaultUserRepository.swift; sourceTree = "<group>"; };
		53FEFF3E287A101B0016B21C /* UserRegistrable.swift */ = {isa = PBXFileReference; lastKnownFileType = sourcecode.swift; path = UserRegistrable.swift; sourceTree = "<group>"; };
		53FEFF40287A13970016B21C /* DomainRegistration.swift */ = {isa = PBXFileReference; lastKnownFileType = sourcecode.swift; path = DomainRegistration.swift; sourceTree = "<group>"; };
		53FEFF42287A13C70016B21C /* DatasourceRegistration.swift */ = {isa = PBXFileReference; lastKnownFileType = sourcecode.swift; path = DatasourceRegistration.swift; sourceTree = "<group>"; };
		53FEFF44287A14770016B21C /* CoreRegistration.swift */ = {isa = PBXFileReference; lastKnownFileType = sourcecode.swift; path = CoreRegistration.swift; sourceTree = "<group>"; };
		53FEFF46287A17C90016B21C /* PostUpdatable.swift */ = {isa = PBXFileReference; lastKnownFileType = sourcecode.swift; path = PostUpdatable.swift; sourceTree = "<group>"; };
		53FEFF49287A19C30016B21C /* PostRepository.swift */ = {isa = PBXFileReference; lastKnownFileType = sourcecode.swift; path = PostRepository.swift; sourceTree = "<group>"; };
		53FEFF4B287A1CAA0016B21C /* PostProvider.swift */ = {isa = PBXFileReference; lastKnownFileType = sourcecode.swift; path = PostProvider.swift; sourceTree = "<group>"; };
		53FEFF4D287A1CC40016B21C /* PostRealmProvider.swift */ = {isa = PBXFileReference; lastKnownFileType = sourcecode.swift; path = PostRealmProvider.swift; sourceTree = "<group>"; };
		53FEFF4F287A1D1F0016B21C /* PostEntity.swift */ = {isa = PBXFileReference; lastKnownFileType = sourcecode.swift; path = PostEntity.swift; sourceTree = "<group>"; };
		53FEFF51287A1FF50016B21C /* DefaultPostRepository.swift */ = {isa = PBXFileReference; lastKnownFileType = sourcecode.swift; path = DefaultPostRepository.swift; sourceTree = "<group>"; };
		53FEFF62287B5D0C0016B21C /* ProfileInfoFetchable.swift */ = {isa = PBXFileReference; lastKnownFileType = sourcecode.swift; path = ProfileInfoFetchable.swift; sourceTree = "<group>"; };
		53FEFF65287B662F0016B21C /* ProfileInfoModel.swift */ = {isa = PBXFileReference; lastKnownFileType = sourcecode.swift; path = ProfileInfoModel.swift; sourceTree = "<group>"; };
		53FEFF68287C3A930016B21C /* DebugView.swift */ = {isa = PBXFileReference; lastKnownFileType = sourcecode.swift; path = DebugView.swift; sourceTree = "<group>"; };
		53FEFF6A287C3C260016B21C /* DebugViewModel.swift */ = {isa = PBXFileReference; lastKnownFileType = sourcecode.swift; path = DebugViewModel.swift; sourceTree = "<group>"; };
		53FEFF71287C533E0016B21C /* String.swift */ = {isa = PBXFileReference; lastKnownFileType = sourcecode.swift; path = String.swift; sourceTree = "<group>"; };
		53FEFF73287C67EF0016B21C /* Color.swift */ = {isa = PBXFileReference; lastKnownFileType = sourcecode.swift; path = Color.swift; sourceTree = "<group>"; };
		53FEFF75287D4FB20016B21C /* EmptyStateView.swift */ = {isa = PBXFileReference; lastKnownFileType = sourcecode.swift; path = EmptyStateView.swift; sourceTree = "<group>"; };
		53FEFF77287D51F30016B21C /* FeedView.swift */ = {isa = PBXFileReference; lastKnownFileType = sourcecode.swift; path = FeedView.swift; sourceTree = "<group>"; };
/* End PBXFileReference section */

/* Begin PBXFrameworksBuildPhase section */
		53FEFE8C2879AFCF0016B21C /* Frameworks */ = {
			isa = PBXFrameworksBuildPhase;
			buildActionMask = 2147483647;
			files = (
				530B32D5287DDCBC00B78309 /* Nimble in Frameworks */,
				53FEFF0E2879FC470016B21C /* RealmSwift in Frameworks */,
				53FEFF0C2879FC470016B21C /* Realm in Frameworks */,
				53FEFEF12879E6C60016B21C /* Swinject in Frameworks */,
				53FEFEF62879E7250016B21C /* SwinjectAutoregistration in Frameworks */,
			);
			runOnlyForDeploymentPostprocessing = 0;
		};
		53FEFE9C2879AFD10016B21C /* Frameworks */ = {
			isa = PBXFrameworksBuildPhase;
			buildActionMask = 2147483647;
			files = (
			);
			runOnlyForDeploymentPostprocessing = 0;
		};
/* End PBXFrameworksBuildPhase section */

/* Begin PBXGroup section */
		530B32BA287DA22400B78309 /* Notifications */ = {
			isa = PBXGroup;
			children = (
				530B32B8287DA14700B78309 /* NotificationView.swift */,
				530B32BB287DA23700B78309 /* NotificationDataModel.swift */,
				530B32BD287DA2DC00B78309 /* Alertable.swift */,
			);
			path = Notifications;
			sourceTree = "<group>";
		};
		530B32C1287DCE6000B78309 /* SupportingFiles */ = {
			isa = PBXGroup;
			children = (
				53FEFE962879AFD10016B21C /* Assets.xcassets */,
			);
			path = SupportingFiles;
			sourceTree = "<group>";
		};
		530B32C9287DD50700B78309 /* Domain */ = {
			isa = PBXGroup;
			children = (
				530B32CC287DD57D00B78309 /* Mocks */,
				530B32CA287DD51F00B78309 /* PostUpdatableTests.swift */,
			);
			path = Domain;
			sourceTree = "<group>";
		};
		530B32CC287DD57D00B78309 /* Mocks */ = {
			isa = PBXGroup;
			children = (
				530B32CD287DD58A00B78309 /* UserRepositoryMock.swift */,
				530B32CF287DD59B00B78309 /* PostRepositoryMock.swift */,
			);
			path = Mocks;
			sourceTree = "<group>";
		};
		530B32E0287F0EEC00B78309 /* Posts */ = {
			isa = PBXGroup;
			children = (
				530B32DC287EE9CB00B78309 /* RepostIdentificationView.swift */,
				530B32DE287F0C4500B78309 /* QuoteContentView.swift */,
				530B32E1287F0F0A00B78309 /* PostContentView.swift */,
			);
			path = Posts;
			sourceTree = "<group>";
		};
		53FEFE862879AFCF0016B21C = {
			isa = PBXGroup;
			children = (
				53FEFE912879AFCF0016B21C /* Posterr */,
				53FEFEA22879AFD10016B21C /* PosterrTests */,
				53FEFE902879AFCF0016B21C /* Products */,
			);
			sourceTree = "<group>";
		};
		53FEFE902879AFCF0016B21C /* Products */ = {
			isa = PBXGroup;
			children = (
				53FEFE8F2879AFCF0016B21C /* Posterr.app */,
				53FEFE9F2879AFD10016B21C /* PosterrTests.xctest */,
			);
			name = Products;
			sourceTree = "<group>";
		};
		53FEFE912879AFCF0016B21C /* Posterr */ = {
			isa = PBXGroup;
			children = (
				53FEFEEC2879E5C80016B21C /* Core */,
				53FEFF1C287A04200016B21C /* Datasource */,
				53FEFF3C287A0FE70016B21C /* Domain */,
				53FEFECA2879D1040016B21C /* Features */,
				530B32C1287DCE6000B78309 /* SupportingFiles */,
				53FEFE922879AFCF0016B21C /* PosterrApp.swift */,
			);
			path = Posterr;
			sourceTree = "<group>";
		};
		53FEFEA22879AFD10016B21C /* PosterrTests */ = {
			isa = PBXGroup;
			children = (
				530B32C9287DD50700B78309 /* Domain */,
			);
			path = PosterrTests;
			sourceTree = "<group>";
		};
		53FEFECA2879D1040016B21C /* Features */ = {
			isa = PBXGroup;
			children = (
				53FEFED82879D40C0016B21C /* Home */,
				53FEFED72879D4050016B21C /* Profile */,
				53FEFEE22879DA2F0016B21C /* AddPost */,
				53FEFF56287A347A0016B21C /* Feed */,
				53FEFED62879D3FA0016B21C /* TabBar */,
				53FEFF67287C3A870016B21C /* Debug */,
			);
			path = Features;
			sourceTree = "<group>";
		};
		53FEFED12879D2400016B21C /* Shapes */ = {
			isa = PBXGroup;
			children = (
				53FEFED22879D24D0016B21C /* RoundedCorner.swift */,
			);
			path = Shapes;
			sourceTree = "<group>";
		};
		53FEFED62879D3FA0016B21C /* TabBar */ = {
			isa = PBXGroup;
			children = (
				53FEFECB2879D1150016B21C /* TabBarView.swift */,
				53FEFECD2879D1200016B21C /* TabBarItems.swift */,
				53FEFED42879D3040016B21C /* TabBarViewModel.swift */,
			);
			path = TabBar;
			sourceTree = "<group>";
		};
		53FEFED72879D4050016B21C /* Profile */ = {
			isa = PBXGroup;
			children = (
				53FEFED92879D4250016B21C /* ProfileView.swift */,
				53FEFF062879E9390016B21C /* ProfileViewModel.swift */,
			);
			path = Profile;
			sourceTree = "<group>";
		};
		53FEFED82879D40C0016B21C /* Home */ = {
			isa = PBXGroup;
			children = (
				53FEFE942879AFCF0016B21C /* HomeView.swift */,
				53FEFF042879E9170016B21C /* HomeViewModel.swift */,
			);
			path = Home;
			sourceTree = "<group>";
		};
		53FEFEDB2879D74F0016B21C /* Modifiers */ = {
			isa = PBXGroup;
			children = (
				53FEFEDC2879D7660016B21C /* NavBarModifier.swift */,
				53FEFF1A287A00D40016B21C /* Touchable.swift */,
				53FEFEDE2879D82F0016B21C /* ViewModifier.swift */,
				53FEFEE02879D86D0016B21C /* ViewModfier+Factory.swift */,
				530B32BF287DA8D100B78309 /* ActionIconModifier.swift */,
			);
			path = Modifiers;
			sourceTree = "<group>";
		};
		53FEFEE22879DA2F0016B21C /* AddPost */ = {
			isa = PBXGroup;
			children = (
				53FEFEE32879DA430016B21C /* AddPostView.swift */,
				53FEFEE52879DAF90016B21C /* AddPostViewModel.swift */,
			);
			path = AddPost;
			sourceTree = "<group>";
		};
		53FEFEEC2879E5C80016B21C /* Core */ = {
			isa = PBXGroup;
			children = (
				53FEFF30287A06DF0016B21C /* Extensions */,
				53FEFF0F2879FC610016B21C /* LocalStorage */,
				53FEFEED2879E5D90016B21C /* Injection */,
				53FEFF1D287A043E0016B21C /* UI */,
				53FEFF2B287A06910016B21C /* Logging */,
			);
			path = Core;
			sourceTree = "<group>";
		};
		53FEFEED2879E5D90016B21C /* Injection */ = {
			isa = PBXGroup;
			children = (
				53FEFF012879E8C10016B21C /* Modules */,
				53FEFEFD2879E7C20016B21C /* Resolver+Extension.swift */,
				53FEFEFA2879E7840016B21C /* Container+Extension.swift */,
				53FEFEF22879E6E50016B21C /* PosterrAssembler.swift */,
				53FEFEF72879E75F0016B21C /* PosterrAssembly.swift */,
			);
			path = Injection;
			sourceTree = "<group>";
		};
		53FEFF012879E8C10016B21C /* Modules */ = {
			isa = PBXGroup;
			children = (
				53FEFF082879E99E0016B21C /* ViewRegistration.swift */,
				53FEFF022879E8D20016B21C /* ViewModelRegistration.swift */,
				53FEFF40287A13970016B21C /* DomainRegistration.swift */,
				53FEFF42287A13C70016B21C /* DatasourceRegistration.swift */,
				53FEFF44287A14770016B21C /* CoreRegistration.swift */,
			);
			path = Modules;
			sourceTree = "<group>";
		};
		53FEFF0F2879FC610016B21C /* LocalStorage */ = {
			isa = PBXGroup;
			children = (
				53FEFF102879FC7F0016B21C /* MappableProtocol.swift */,
				53FEFF142879FCB70016B21C /* Storable.swift */,
				53FEFF122879FC960016B21C /* RealmProvider.swift */,
				53FEFF162879FD0F0016B21C /* DBManager.swift */,
				53FEFF182879FD280016B21C /* RealmDBManager.swift */,
			);
			path = LocalStorage;
			sourceTree = "<group>";
		};
		53FEFF1C287A04200016B21C /* Datasource */ = {
			isa = PBXGroup;
			children = (
				53FEFF22287A05510016B21C /* Entities */,
				53FEFF1F287A04A80016B21C /* Config */,
				53FEFF1E287A04770016B21C /* Models */,
				53FEFF25287A05B10016B21C /* Providers */,
				53FEFF34287A0DFF0016B21C /* Repositories */,
			);
			path = Datasource;
			sourceTree = "<group>";
		};
		53FEFF1D287A043E0016B21C /* UI */ = {
			isa = PBXGroup;
			children = (
				53FEFF55287A338C0016B21C /* Views */,
				53FEFEDB2879D74F0016B21C /* Modifiers */,
				53FEFED12879D2400016B21C /* Shapes */,
			);
			path = UI;
			sourceTree = "<group>";
		};
		53FEFF1E287A04770016B21C /* Models */ = {
			isa = PBXGroup;
			children = (
				53FEFEBE2879B67B0016B21C /* PostModel.swift */,
				53FEFEBC2879B6530016B21C /* UserModel.swift */,
			);
			path = Models;
			sourceTree = "<group>";
		};
		53FEFF1F287A04A80016B21C /* Config */ = {
			isa = PBXGroup;
			children = (
				53FEFF20287A04B10016B21C /* ModelProtocol.swift */,
			);
			path = Config;
			sourceTree = "<group>";
		};
		53FEFF22287A05510016B21C /* Entities */ = {
			isa = PBXGroup;
			children = (
				53FEFF23287A05680016B21C /* UserEntity.swift */,
				53FEFF4F287A1D1F0016B21C /* PostEntity.swift */,
			);
			path = Entities;
			sourceTree = "<group>";
		};
		53FEFF25287A05B10016B21C /* Providers */ = {
			isa = PBXGroup;
			children = (
				53FEFF26287A05BB0016B21C /* Local */,
				53FEFF27287A05CF0016B21C /* UserProvider.swift */,
				53FEFF4B287A1CAA0016B21C /* PostProvider.swift */,
			);
			path = Providers;
			sourceTree = "<group>";
		};
		53FEFF26287A05BB0016B21C /* Local */ = {
			isa = PBXGroup;
			children = (
				53FEFF29287A065E0016B21C /* UserRealmProvider.swift */,
				53FEFF4D287A1CC40016B21C /* PostRealmProvider.swift */,
			);
			path = Local;
			sourceTree = "<group>";
		};
		53FEFF2B287A06910016B21C /* Logging */ = {
			isa = PBXGroup;
			children = (
				53FEFF2C287A06A80016B21C /* Loggable.swift */,
				53FEFF2E287A06BB0016B21C /* CustomLogger.swift */,
			);
			path = Logging;
			sourceTree = "<group>";
		};
		53FEFF30287A06DF0016B21C /* Extensions */ = {
			isa = PBXGroup;
			children = (
				53FEFF32287A06F80016B21C /* Date.swift */,
				53FEFF71287C533E0016B21C /* String.swift */,
				53FEFF73287C67EF0016B21C /* Color.swift */,
			);
			path = Extensions;
			sourceTree = "<group>";
		};
		53FEFF34287A0DFF0016B21C /* Repositories */ = {
			isa = PBXGroup;
			children = (
				53FEFF48287A19B60016B21C /* Post */,
				53FEFF37287A0E270016B21C /* User */,
			);
			path = Repositories;
			sourceTree = "<group>";
		};
		53FEFF37287A0E270016B21C /* User */ = {
			isa = PBXGroup;
			children = (
				53FEFF38287A0E410016B21C /* UserRepository.swift */,
				53FEFF3A287A0F5B0016B21C /* DefaultUserRepository.swift */,
			);
			path = User;
			sourceTree = "<group>";
		};
		53FEFF3C287A0FE70016B21C /* Domain */ = {
			isa = PBXGroup;
			children = (
				53FEFF64287B66150016B21C /* Models */,
				53FEFF3D287A10040016B21C /* UseCases */,
			);
			path = Domain;
			sourceTree = "<group>";
		};
		53FEFF3D287A10040016B21C /* UseCases */ = {
			isa = PBXGroup;
			children = (
				53FEFF3E287A101B0016B21C /* UserRegistrable.swift */,
				53FEFF46287A17C90016B21C /* PostUpdatable.swift */,
				53FEFF62287B5D0C0016B21C /* ProfileInfoFetchable.swift */,
				530B32D8287EDC6200B78309 /* FeedFetchable.swift */,
			);
			path = UseCases;
			sourceTree = "<group>";
		};
		53FEFF48287A19B60016B21C /* Post */ = {
			isa = PBXGroup;
			children = (
				53FEFF49287A19C30016B21C /* PostRepository.swift */,
				53FEFF51287A1FF50016B21C /* DefaultPostRepository.swift */,
			);
			path = Post;
			sourceTree = "<group>";
		};
		53FEFF55287A338C0016B21C /* Views */ = {
			isa = PBXGroup;
			children = (
				530B32E0287F0EEC00B78309 /* Posts */,
				530B32BA287DA22400B78309 /* Notifications */,
				53FEFECF2879D16D0016B21C /* BottomNavigationView.swift */,
				53FEFEC62879C8D70016B21C /* ProfilePicture.swift */,
				53FEFEC82879C94A0016B21C /* ProfileIdentification.swift */,
				53FEFEEA2879DD300016B21C /* TextArea.swift */,
				53FEFF75287D4FB20016B21C /* EmptyStateView.swift */,
				530B32B6287D6E3F00B78309 /* CharacterCountdownView.swift */,
			);
			path = Views;
			sourceTree = "<group>";
		};
		53FEFF56287A347A0016B21C /* Feed */ = {
			isa = PBXGroup;
			children = (
				53FEFF77287D51F30016B21C /* FeedView.swift */,
				53FEFEC12879C30C0016B21C /* PostRowView.swift */,
				530B32D6287E12AF00B78309 /* PostRowViewModel.swift */,
			);
			path = Feed;
			sourceTree = "<group>";
		};
		53FEFF64287B66150016B21C /* Models */ = {
			isa = PBXGroup;
			children = (
				53FEFF65287B662F0016B21C /* ProfileInfoModel.swift */,
				530B32DA287EDC7500B78309 /* FeedModel.swift */,
			);
			path = Models;
			sourceTree = "<group>";
		};
		53FEFF67287C3A870016B21C /* Debug */ = {
			isa = PBXGroup;
			children = (
				53FEFF68287C3A930016B21C /* DebugView.swift */,
				53FEFF6A287C3C260016B21C /* DebugViewModel.swift */,
			);
			path = Debug;
			sourceTree = "<group>";
		};
/* End PBXGroup section */

/* Begin PBXNativeTarget section */
		53FEFE8E2879AFCF0016B21C /* Posterr */ = {
			isa = PBXNativeTarget;
			buildConfigurationList = 53FEFEB32879AFD10016B21C /* Build configuration list for PBXNativeTarget "Posterr" */;
			buildPhases = (
				53FEFE8B2879AFCF0016B21C /* Sources */,
				53FEFE8C2879AFCF0016B21C /* Frameworks */,
				53FEFE8D2879AFCF0016B21C /* Resources */,
			);
			buildRules = (
			);
			dependencies = (
			);
			name = Posterr;
			packageProductDependencies = (
				53FEFEF02879E6C60016B21C /* Swinject */,
				53FEFEF52879E7250016B21C /* SwinjectAutoregistration */,
				53FEFF0B2879FC470016B21C /* Realm */,
				53FEFF0D2879FC470016B21C /* RealmSwift */,
				530B32D4287DDCBC00B78309 /* Nimble */,
			);
			productName = Posterr;
			productReference = 53FEFE8F2879AFCF0016B21C /* Posterr.app */;
			productType = "com.apple.product-type.application";
		};
		53FEFE9E2879AFD10016B21C /* PosterrTests */ = {
			isa = PBXNativeTarget;
			buildConfigurationList = 53FEFEB62879AFD10016B21C /* Build configuration list for PBXNativeTarget "PosterrTests" */;
			buildPhases = (
				53FEFE9B2879AFD10016B21C /* Sources */,
				53FEFE9C2879AFD10016B21C /* Frameworks */,
				53FEFE9D2879AFD10016B21C /* Resources */,
			);
			buildRules = (
			);
			dependencies = (
				53FEFEA12879AFD10016B21C /* PBXTargetDependency */,
			);
			name = PosterrTests;
			productName = PosterrTests;
			productReference = 53FEFE9F2879AFD10016B21C /* PosterrTests.xctest */;
			productType = "com.apple.product-type.bundle.unit-test";
		};
/* End PBXNativeTarget section */

/* Begin PBXProject section */
		53FEFE872879AFCF0016B21C /* Project object */ = {
			isa = PBXProject;
			attributes = {
				BuildIndependentTargetsInParallel = 1;
				LastSwiftUpdateCheck = 1330;
				LastUpgradeCheck = 1330;
				TargetAttributes = {
					53FEFE8E2879AFCF0016B21C = {
						CreatedOnToolsVersion = 13.3;
					};
					53FEFE9E2879AFD10016B21C = {
						CreatedOnToolsVersion = 13.3;
						TestTargetID = 53FEFE8E2879AFCF0016B21C;
					};
				};
			};
			buildConfigurationList = 53FEFE8A2879AFCF0016B21C /* Build configuration list for PBXProject "Posterr" */;
			compatibilityVersion = "Xcode 13.0";
			developmentRegion = en;
			hasScannedForEncodings = 0;
			knownRegions = (
				en,
				Base,
			);
			mainGroup = 53FEFE862879AFCF0016B21C;
			packageReferences = (
				53FEFEEF2879E6C60016B21C /* XCRemoteSwiftPackageReference "Swinject" */,
				53FEFEF42879E7250016B21C /* XCRemoteSwiftPackageReference "SwinjectAutoregistration" */,
				53FEFF0A2879FC470016B21C /* XCRemoteSwiftPackageReference "realm-swift" */,
				530B32D3287DDCBC00B78309 /* XCRemoteSwiftPackageReference "Nimble" */,
			);
			productRefGroup = 53FEFE902879AFCF0016B21C /* Products */;
			projectDirPath = "";
			projectRoot = "";
			targets = (
				53FEFE8E2879AFCF0016B21C /* Posterr */,
				53FEFE9E2879AFD10016B21C /* PosterrTests */,
			);
		};
/* End PBXProject section */

/* Begin PBXResourcesBuildPhase section */
		53FEFE8D2879AFCF0016B21C /* Resources */ = {
			isa = PBXResourcesBuildPhase;
			buildActionMask = 2147483647;
			files = (
				53FEFE972879AFD10016B21C /* Assets.xcassets in Resources */,
			);
			runOnlyForDeploymentPostprocessing = 0;
		};
		53FEFE9D2879AFD10016B21C /* Resources */ = {
			isa = PBXResourcesBuildPhase;
			buildActionMask = 2147483647;
			files = (
			);
			runOnlyForDeploymentPostprocessing = 0;
		};
/* End PBXResourcesBuildPhase section */

/* Begin PBXSourcesBuildPhase section */
		53FEFE8B2879AFCF0016B21C /* Sources */ = {
			isa = PBXSourcesBuildPhase;
			buildActionMask = 2147483647;
			files = (
				53FEFF72287C533E0016B21C /* String.swift in Sources */,
				53FEFF2D287A06A80016B21C /* Loggable.swift in Sources */,
				53FEFE952879AFCF0016B21C /* HomeView.swift in Sources */,
				53FEFF192879FD280016B21C /* RealmDBManager.swift in Sources */,
				53FEFEDA2879D4250016B21C /* ProfileView.swift in Sources */,
				53FEFF50287A1D1F0016B21C /* PostEntity.swift in Sources */,
				53FEFEC92879C94A0016B21C /* ProfileIdentification.swift in Sources */,
				530B32B9287DA14700B78309 /* NotificationView.swift in Sources */,
				530B32B7287D6E3F00B78309 /* CharacterCountdownView.swift in Sources */,
				53FEFF052879E9170016B21C /* HomeViewModel.swift in Sources */,
				53FEFECC2879D1150016B21C /* TabBarView.swift in Sources */,
				53FEFE932879AFCF0016B21C /* PosterrApp.swift in Sources */,
				530B32DD287EE9CB00B78309 /* RepostIdentificationView.swift in Sources */,
				53FEFED52879D3040016B21C /* TabBarViewModel.swift in Sources */,
				53FEFF63287B5D0C0016B21C /* ProfileInfoFetchable.swift in Sources */,
				53FEFF45287A14770016B21C /* CoreRegistration.swift in Sources */,
				53FEFF172879FD0F0016B21C /* DBManager.swift in Sources */,
				53FEFF41287A13970016B21C /* DomainRegistration.swift in Sources */,
				53FEFF21287A04B10016B21C /* ModelProtocol.swift in Sources */,
				530B32D7287E12AF00B78309 /* PostRowViewModel.swift in Sources */,
				530B32DB287EDC7500B78309 /* FeedModel.swift in Sources */,
				53FEFF3F287A101B0016B21C /* UserRegistrable.swift in Sources */,
				53FEFF74287C67EF0016B21C /* Color.swift in Sources */,
				53FEFF47287A17C90016B21C /* PostUpdatable.swift in Sources */,
				53FEFF33287A06F80016B21C /* Date.swift in Sources */,
				53FEFF43287A13C70016B21C /* DatasourceRegistration.swift in Sources */,
				53FEFF132879FC960016B21C /* RealmProvider.swift in Sources */,
				53FEFEDD2879D7660016B21C /* NavBarModifier.swift in Sources */,
				53FEFF69287C3A930016B21C /* DebugView.swift in Sources */,
				53FEFF3B287A0F5B0016B21C /* DefaultUserRepository.swift in Sources */,
				53FEFEBD2879B6530016B21C /* UserModel.swift in Sources */,
				53FEFEE12879D86D0016B21C /* ViewModfier+Factory.swift in Sources */,
				53FEFF072879E9390016B21C /* ProfileViewModel.swift in Sources */,
				53FEFEC22879C30C0016B21C /* PostRowView.swift in Sources */,
				53FEFEBF2879B67B0016B21C /* PostModel.swift in Sources */,
				530B32DF287F0C4500B78309 /* QuoteContentView.swift in Sources */,
				53FEFF112879FC7F0016B21C /* MappableProtocol.swift in Sources */,
				53FEFF24287A05680016B21C /* UserEntity.swift in Sources */,
				530B32E2287F0F0A00B78309 /* PostContentView.swift in Sources */,
				53FEFF28287A05CF0016B21C /* UserProvider.swift in Sources */,
				53FEFF092879E99E0016B21C /* ViewRegistration.swift in Sources */,
				53FEFED02879D16D0016B21C /* BottomNavigationView.swift in Sources */,
				53FEFEC72879C8D70016B21C /* ProfilePicture.swift in Sources */,
				53FEFF032879E8D20016B21C /* ViewModelRegistration.swift in Sources */,
				53FEFEFB2879E7840016B21C /* Container+Extension.swift in Sources */,
				530B32C0287DA8D100B78309 /* ActionIconModifier.swift in Sources */,
				53FEFED32879D24D0016B21C /* RoundedCorner.swift in Sources */,
				53FEFF152879FCB70016B21C /* Storable.swift in Sources */,
				53FEFF78287D51F30016B21C /* FeedView.swift in Sources */,
				530B32D9287EDC6200B78309 /* FeedFetchable.swift in Sources */,
				53FEFEF32879E6E50016B21C /* PosterrAssembler.swift in Sources */,
				53FEFF39287A0E410016B21C /* UserRepository.swift in Sources */,
				53FEFF4A287A19C30016B21C /* PostRepository.swift in Sources */,
				53FEFEF82879E75F0016B21C /* PosterrAssembly.swift in Sources */,
				53FEFF6B287C3C270016B21C /* DebugViewModel.swift in Sources */,
				53FEFF2A287A065E0016B21C /* UserRealmProvider.swift in Sources */,
				53FEFF52287A1FF50016B21C /* DefaultPostRepository.swift in Sources */,
				53FEFF76287D4FB20016B21C /* EmptyStateView.swift in Sources */,
				53FEFEFE2879E7C20016B21C /* Resolver+Extension.swift in Sources */,
				53FEFEE42879DA430016B21C /* AddPostView.swift in Sources */,
				53FEFF4E287A1CC40016B21C /* PostRealmProvider.swift in Sources */,
				530B32BE287DA2DC00B78309 /* Alertable.swift in Sources */,
				53FEFEDF2879D82F0016B21C /* ViewModifier.swift in Sources */,
				53FEFEEB2879DD300016B21C /* TextArea.swift in Sources */,
				53FEFF2F287A06BB0016B21C /* CustomLogger.swift in Sources */,
				53FEFF66287B662F0016B21C /* ProfileInfoModel.swift in Sources */,
				530B32BC287DA23700B78309 /* NotificationDataModel.swift in Sources */,
				53FEFF4C287A1CAA0016B21C /* PostProvider.swift in Sources */,
				53FEFEE62879DAF90016B21C /* AddPostViewModel.swift in Sources */,
				53FEFECE2879D1200016B21C /* TabBarItems.swift in Sources */,
				53FEFF1B287A00D40016B21C /* Touchable.swift in Sources */,
			);
			runOnlyForDeploymentPostprocessing = 0;
		};
		53FEFE9B2879AFD10016B21C /* Sources */ = {
			isa = PBXSourcesBuildPhase;
			buildActionMask = 2147483647;
			files = (
				530B32D0287DD59B00B78309 /* PostRepositoryMock.swift in Sources */,
				530B32CE287DD58A00B78309 /* UserRepositoryMock.swift in Sources */,
				530B32CB287DD51F00B78309 /* PostUpdatableTests.swift in Sources */,
			);
			runOnlyForDeploymentPostprocessing = 0;
		};
/* End PBXSourcesBuildPhase section */

/* Begin PBXTargetDependency section */
		53FEFEA12879AFD10016B21C /* PBXTargetDependency */ = {
			isa = PBXTargetDependency;
			target = 53FEFE8E2879AFCF0016B21C /* Posterr */;
			targetProxy = 53FEFEA02879AFD10016B21C /* PBXContainerItemProxy */;
		};
/* End PBXTargetDependency section */

/* Begin XCBuildConfiguration section */
		53FEFEB12879AFD10016B21C /* Debug */ = {
			isa = XCBuildConfiguration;
			buildSettings = {
				ALWAYS_SEARCH_USER_PATHS = NO;
				CLANG_ANALYZER_NONNULL = YES;
				CLANG_ANALYZER_NUMBER_OBJECT_CONVERSION = YES_AGGRESSIVE;
				CLANG_CXX_LANGUAGE_STANDARD = "gnu++17";
				CLANG_ENABLE_MODULES = YES;
				CLANG_ENABLE_OBJC_ARC = YES;
				CLANG_ENABLE_OBJC_WEAK = YES;
				CLANG_WARN_BLOCK_CAPTURE_AUTORELEASING = YES;
				CLANG_WARN_BOOL_CONVERSION = YES;
				CLANG_WARN_COMMA = YES;
				CLANG_WARN_CONSTANT_CONVERSION = YES;
				CLANG_WARN_DEPRECATED_OBJC_IMPLEMENTATIONS = YES;
				CLANG_WARN_DIRECT_OBJC_ISA_USAGE = YES_ERROR;
				CLANG_WARN_DOCUMENTATION_COMMENTS = YES;
				CLANG_WARN_EMPTY_BODY = YES;
				CLANG_WARN_ENUM_CONVERSION = YES;
				CLANG_WARN_INFINITE_RECURSION = YES;
				CLANG_WARN_INT_CONVERSION = YES;
				CLANG_WARN_NON_LITERAL_NULL_CONVERSION = YES;
				CLANG_WARN_OBJC_IMPLICIT_RETAIN_SELF = YES;
				CLANG_WARN_OBJC_LITERAL_CONVERSION = YES;
				CLANG_WARN_OBJC_ROOT_CLASS = YES_ERROR;
				CLANG_WARN_QUOTED_INCLUDE_IN_FRAMEWORK_HEADER = YES;
				CLANG_WARN_RANGE_LOOP_ANALYSIS = YES;
				CLANG_WARN_STRICT_PROTOTYPES = YES;
				CLANG_WARN_SUSPICIOUS_MOVE = YES;
				CLANG_WARN_UNGUARDED_AVAILABILITY = YES_AGGRESSIVE;
				CLANG_WARN_UNREACHABLE_CODE = YES;
				CLANG_WARN__DUPLICATE_METHOD_MATCH = YES;
				COPY_PHASE_STRIP = NO;
				DEBUG_INFORMATION_FORMAT = dwarf;
				ENABLE_STRICT_OBJC_MSGSEND = YES;
				ENABLE_TESTABILITY = YES;
				ENABLE_TESTING_SEARCH_PATHS = YES;
				GCC_C_LANGUAGE_STANDARD = gnu11;
				GCC_DYNAMIC_NO_PIC = NO;
				GCC_NO_COMMON_BLOCKS = YES;
				GCC_OPTIMIZATION_LEVEL = 0;
				GCC_PREPROCESSOR_DEFINITIONS = (
					"DEBUG=1",
					"$(inherited)",
				);
				GCC_WARN_64_TO_32_BIT_CONVERSION = YES;
				GCC_WARN_ABOUT_RETURN_TYPE = YES_ERROR;
				GCC_WARN_UNDECLARED_SELECTOR = YES;
				GCC_WARN_UNINITIALIZED_AUTOS = YES_AGGRESSIVE;
				GCC_WARN_UNUSED_FUNCTION = YES;
				GCC_WARN_UNUSED_VARIABLE = YES;
				IPHONEOS_DEPLOYMENT_TARGET = 15.4;
				LD_RUNPATH_SEARCH_PATHS = (
					/Applications/Xcode.app/Contents/Developer/Platforms/iPhoneOS.platform/Developer/Library/Frameworks/,
					/Applications/Xcode.app/Contents/Developer/Platforms/iPhoneOS.platform/Developer/usr/lib/,
					/Applications/Xcode.app/Contents/Developer/Platforms/iPhoneSimulator.platform/Developer/usr/lib/,
					/Applications/Xcode.app/Contents/Developer/Platforms/iPhoneSimulator.platform/Developer/Library/Frameworks/,
				);
				MTL_ENABLE_DEBUG_INFO = INCLUDE_SOURCE;
				MTL_FAST_MATH = YES;
				ONLY_ACTIVE_ARCH = YES;
				SDKROOT = iphoneos;
				SWIFT_ACTIVE_COMPILATION_CONDITIONS = DEBUG;
				SWIFT_OPTIMIZATION_LEVEL = "-Onone";
			};
			name = Debug;
		};
		53FEFEB22879AFD10016B21C /* Release */ = {
			isa = XCBuildConfiguration;
			buildSettings = {
				ALWAYS_SEARCH_USER_PATHS = NO;
				CLANG_ANALYZER_NONNULL = YES;
				CLANG_ANALYZER_NUMBER_OBJECT_CONVERSION = YES_AGGRESSIVE;
				CLANG_CXX_LANGUAGE_STANDARD = "gnu++17";
				CLANG_ENABLE_MODULES = YES;
				CLANG_ENABLE_OBJC_ARC = YES;
				CLANG_ENABLE_OBJC_WEAK = YES;
				CLANG_WARN_BLOCK_CAPTURE_AUTORELEASING = YES;
				CLANG_WARN_BOOL_CONVERSION = YES;
				CLANG_WARN_COMMA = YES;
				CLANG_WARN_CONSTANT_CONVERSION = YES;
				CLANG_WARN_DEPRECATED_OBJC_IMPLEMENTATIONS = YES;
				CLANG_WARN_DIRECT_OBJC_ISA_USAGE = YES_ERROR;
				CLANG_WARN_DOCUMENTATION_COMMENTS = YES;
				CLANG_WARN_EMPTY_BODY = YES;
				CLANG_WARN_ENUM_CONVERSION = YES;
				CLANG_WARN_INFINITE_RECURSION = YES;
				CLANG_WARN_INT_CONVERSION = YES;
				CLANG_WARN_NON_LITERAL_NULL_CONVERSION = YES;
				CLANG_WARN_OBJC_IMPLICIT_RETAIN_SELF = YES;
				CLANG_WARN_OBJC_LITERAL_CONVERSION = YES;
				CLANG_WARN_OBJC_ROOT_CLASS = YES_ERROR;
				CLANG_WARN_QUOTED_INCLUDE_IN_FRAMEWORK_HEADER = YES;
				CLANG_WARN_RANGE_LOOP_ANALYSIS = YES;
				CLANG_WARN_STRICT_PROTOTYPES = YES;
				CLANG_WARN_SUSPICIOUS_MOVE = YES;
				CLANG_WARN_UNGUARDED_AVAILABILITY = YES_AGGRESSIVE;
				CLANG_WARN_UNREACHABLE_CODE = YES;
				CLANG_WARN__DUPLICATE_METHOD_MATCH = YES;
				COPY_PHASE_STRIP = NO;
				DEBUG_INFORMATION_FORMAT = "dwarf-with-dsym";
				ENABLE_NS_ASSERTIONS = NO;
				ENABLE_STRICT_OBJC_MSGSEND = YES;
				ENABLE_TESTING_SEARCH_PATHS = YES;
				GCC_C_LANGUAGE_STANDARD = gnu11;
				GCC_NO_COMMON_BLOCKS = YES;
				GCC_WARN_64_TO_32_BIT_CONVERSION = YES;
				GCC_WARN_ABOUT_RETURN_TYPE = YES_ERROR;
				GCC_WARN_UNDECLARED_SELECTOR = YES;
				GCC_WARN_UNINITIALIZED_AUTOS = YES_AGGRESSIVE;
				GCC_WARN_UNUSED_FUNCTION = YES;
				GCC_WARN_UNUSED_VARIABLE = YES;
				IPHONEOS_DEPLOYMENT_TARGET = 15.4;
				LD_RUNPATH_SEARCH_PATHS = (
					/Applications/Xcode.app/Contents/Developer/Platforms/iPhoneOS.platform/Developer/Library/Frameworks/,
					/Applications/Xcode.app/Contents/Developer/Platforms/iPhoneOS.platform/Developer/usr/lib/,
					/Applications/Xcode.app/Contents/Developer/Platforms/iPhoneSimulator.platform/Developer/usr/lib/,
					/Applications/Xcode.app/Contents/Developer/Platforms/iPhoneSimulator.platform/Developer/Library/Frameworks/,
				);
				MTL_ENABLE_DEBUG_INFO = NO;
				MTL_FAST_MATH = YES;
				SDKROOT = iphoneos;
				SWIFT_COMPILATION_MODE = wholemodule;
				SWIFT_OPTIMIZATION_LEVEL = "-O";
				VALIDATE_PRODUCT = YES;
			};
			name = Release;
		};
		53FEFEB42879AFD10016B21C /* Debug */ = {
			isa = XCBuildConfiguration;
			buildSettings = {
				ASSETCATALOG_COMPILER_APPICON_NAME = AppIcon;
				ASSETCATALOG_COMPILER_GLOBAL_ACCENT_COLOR_NAME = AccentColor;
				CODE_SIGN_STYLE = Automatic;
				CURRENT_PROJECT_VERSION = 1;
				DEVELOPMENT_ASSET_PATHS = "\"Posterr/SupportingFiles\"";
				DEVELOPMENT_TEAM = 7WY56Y4QYH;
				ENABLE_PREVIEWS = YES;
				GENERATE_INFOPLIST_FILE = YES;
				INFOPLIST_KEY_UIApplicationSceneManifest_Generation = YES;
				INFOPLIST_KEY_UIApplicationSupportsIndirectInputEvents = YES;
				INFOPLIST_KEY_UILaunchScreen_Generation = YES;
				INFOPLIST_KEY_UISupportedInterfaceOrientations_iPad = "UIInterfaceOrientationPortrait UIInterfaceOrientationPortraitUpsideDown UIInterfaceOrientationLandscapeLeft UIInterfaceOrientationLandscapeRight";
				INFOPLIST_KEY_UISupportedInterfaceOrientations_iPhone = "UIInterfaceOrientationPortrait UIInterfaceOrientationLandscapeLeft UIInterfaceOrientationLandscapeRight";
				LD_RUNPATH_SEARCH_PATHS = (
					"$(inherited)",
					"@executable_path/Frameworks",
				);
				MARKETING_VERSION = 1.0;
				PRODUCT_BUNDLE_IDENTIFIER = com.posterr.eltonjhony.Posterr;
				PRODUCT_NAME = "$(TARGET_NAME)";
				SWIFT_EMIT_LOC_STRINGS = YES;
				SWIFT_VERSION = 5.0;
				TARGETED_DEVICE_FAMILY = "1,2";
			};
			name = Debug;
		};
		53FEFEB52879AFD10016B21C /* Release */ = {
			isa = XCBuildConfiguration;
			buildSettings = {
				ASSETCATALOG_COMPILER_APPICON_NAME = AppIcon;
				ASSETCATALOG_COMPILER_GLOBAL_ACCENT_COLOR_NAME = AccentColor;
				CODE_SIGN_STYLE = Automatic;
				CURRENT_PROJECT_VERSION = 1;
				DEVELOPMENT_ASSET_PATHS = "\"Posterr/SupportingFiles\"";
				DEVELOPMENT_TEAM = 7WY56Y4QYH;
				ENABLE_PREVIEWS = YES;
				GENERATE_INFOPLIST_FILE = YES;
				INFOPLIST_KEY_UIApplicationSceneManifest_Generation = YES;
				INFOPLIST_KEY_UIApplicationSupportsIndirectInputEvents = YES;
				INFOPLIST_KEY_UILaunchScreen_Generation = YES;
				INFOPLIST_KEY_UISupportedInterfaceOrientations_iPad = "UIInterfaceOrientationPortrait UIInterfaceOrientationPortraitUpsideDown UIInterfaceOrientationLandscapeLeft UIInterfaceOrientationLandscapeRight";
				INFOPLIST_KEY_UISupportedInterfaceOrientations_iPhone = "UIInterfaceOrientationPortrait UIInterfaceOrientationLandscapeLeft UIInterfaceOrientationLandscapeRight";
				LD_RUNPATH_SEARCH_PATHS = (
					"$(inherited)",
					"@executable_path/Frameworks",
				);
				MARKETING_VERSION = 1.0;
				PRODUCT_BUNDLE_IDENTIFIER = com.posterr.eltonjhony.Posterr;
				PRODUCT_NAME = "$(TARGET_NAME)";
				SWIFT_EMIT_LOC_STRINGS = YES;
				SWIFT_VERSION = 5.0;
				TARGETED_DEVICE_FAMILY = "1,2";
			};
			name = Release;
		};
		53FEFEB72879AFD10016B21C /* Debug */ = {
			isa = XCBuildConfiguration;
			buildSettings = {
				ALWAYS_EMBED_SWIFT_STANDARD_LIBRARIES = YES;
				BUNDLE_LOADER = "$(TEST_HOST)";
				CODE_SIGN_STYLE = Automatic;
				CURRENT_PROJECT_VERSION = 1;
				DEVELOPMENT_TEAM = 7WY56Y4QYH;
				GENERATE_INFOPLIST_FILE = YES;
				IPHONEOS_DEPLOYMENT_TARGET = 15.4;
				MARKETING_VERSION = 1.0;
				PRODUCT_BUNDLE_IDENTIFIER = com.posterr.eltonjhony.PosterrTests;
				PRODUCT_NAME = "$(TARGET_NAME)";
				SWIFT_EMIT_LOC_STRINGS = NO;
				SWIFT_VERSION = 5.0;
				TARGETED_DEVICE_FAMILY = "1,2";
				TEST_HOST = "$(BUILT_PRODUCTS_DIR)/Posterr.app/Posterr";
			};
			name = Debug;
		};
		53FEFEB82879AFD10016B21C /* Release */ = {
			isa = XCBuildConfiguration;
			buildSettings = {
				ALWAYS_EMBED_SWIFT_STANDARD_LIBRARIES = YES;
				BUNDLE_LOADER = "$(TEST_HOST)";
				CODE_SIGN_STYLE = Automatic;
				CURRENT_PROJECT_VERSION = 1;
				DEVELOPMENT_TEAM = 7WY56Y4QYH;
				GENERATE_INFOPLIST_FILE = YES;
				IPHONEOS_DEPLOYMENT_TARGET = 15.4;
				MARKETING_VERSION = 1.0;
				PRODUCT_BUNDLE_IDENTIFIER = com.posterr.eltonjhony.PosterrTests;
				PRODUCT_NAME = "$(TARGET_NAME)";
				SWIFT_EMIT_LOC_STRINGS = NO;
				SWIFT_VERSION = 5.0;
				TARGETED_DEVICE_FAMILY = "1,2";
				TEST_HOST = "$(BUILT_PRODUCTS_DIR)/Posterr.app/Posterr";
			};
			name = Release;
		};
/* End XCBuildConfiguration section */

/* Begin XCConfigurationList section */
		53FEFE8A2879AFCF0016B21C /* Build configuration list for PBXProject "Posterr" */ = {
			isa = XCConfigurationList;
			buildConfigurations = (
				53FEFEB12879AFD10016B21C /* Debug */,
				53FEFEB22879AFD10016B21C /* Release */,
			);
			defaultConfigurationIsVisible = 0;
			defaultConfigurationName = Release;
		};
		53FEFEB32879AFD10016B21C /* Build configuration list for PBXNativeTarget "Posterr" */ = {
			isa = XCConfigurationList;
			buildConfigurations = (
				53FEFEB42879AFD10016B21C /* Debug */,
				53FEFEB52879AFD10016B21C /* Release */,
			);
			defaultConfigurationIsVisible = 0;
			defaultConfigurationName = Release;
		};
		53FEFEB62879AFD10016B21C /* Build configuration list for PBXNativeTarget "PosterrTests" */ = {
			isa = XCConfigurationList;
			buildConfigurations = (
				53FEFEB72879AFD10016B21C /* Debug */,
				53FEFEB82879AFD10016B21C /* Release */,
			);
			defaultConfigurationIsVisible = 0;
			defaultConfigurationName = Release;
		};
/* End XCConfigurationList section */

/* Begin XCRemoteSwiftPackageReference section */
		530B32D3287DDCBC00B78309 /* XCRemoteSwiftPackageReference "Nimble" */ = {
			isa = XCRemoteSwiftPackageReference;
			repositoryURL = "https://github.com/Quick/Nimble.git";
			requirement = {
				kind = exactVersion;
				version = 9.2.1;
			};
		};
		53FEFEEF2879E6C60016B21C /* XCRemoteSwiftPackageReference "Swinject" */ = {
			isa = XCRemoteSwiftPackageReference;
			repositoryURL = "https://github.com/Swinject/Swinject.git";
			requirement = {
				kind = upToNextMajorVersion;
				minimumVersion = 2.0.0;
			};
		};
		53FEFEF42879E7250016B21C /* XCRemoteSwiftPackageReference "SwinjectAutoregistration" */ = {
			isa = XCRemoteSwiftPackageReference;
			repositoryURL = "https://github.com/Swinject/SwinjectAutoregistration.git";
			requirement = {
				kind = upToNextMajorVersion;
				minimumVersion = 2.0.0;
			};
		};
		53FEFF0A2879FC470016B21C /* XCRemoteSwiftPackageReference "realm-swift" */ = {
			isa = XCRemoteSwiftPackageReference;
			repositoryURL = "https://github.com/realm/realm-swift.git";
			requirement = {
				branch = master;
				kind = branch;
			};
		};
/* End XCRemoteSwiftPackageReference section */

/* Begin XCSwiftPackageProductDependency section */
		530B32D4287DDCBC00B78309 /* Nimble */ = {
			isa = XCSwiftPackageProductDependency;
			package = 530B32D3287DDCBC00B78309 /* XCRemoteSwiftPackageReference "Nimble" */;
			productName = Nimble;
		};
		53FEFEF02879E6C60016B21C /* Swinject */ = {
			isa = XCSwiftPackageProductDependency;
			package = 53FEFEEF2879E6C60016B21C /* XCRemoteSwiftPackageReference "Swinject" */;
			productName = Swinject;
		};
		53FEFEF52879E7250016B21C /* SwinjectAutoregistration */ = {
			isa = XCSwiftPackageProductDependency;
			package = 53FEFEF42879E7250016B21C /* XCRemoteSwiftPackageReference "SwinjectAutoregistration" */;
			productName = SwinjectAutoregistration;
		};
		53FEFF0B2879FC470016B21C /* Realm */ = {
			isa = XCSwiftPackageProductDependency;
			package = 53FEFF0A2879FC470016B21C /* XCRemoteSwiftPackageReference "realm-swift" */;
			productName = Realm;
		};
		53FEFF0D2879FC470016B21C /* RealmSwift */ = {
			isa = XCSwiftPackageProductDependency;
			package = 53FEFF0A2879FC470016B21C /* XCRemoteSwiftPackageReference "realm-swift" */;
			productName = RealmSwift;
		};
/* End XCSwiftPackageProductDependency section */
	};
	rootObject = 53FEFE872879AFCF0016B21C /* Project object */;
}
